
Microsoft Visual Studio Solution File, Format Version 12.00
# Visual Studio Version 17
VisualStudioVersion = 17.4.33110.190
MinimumVisualStudioVersion = 10.0.40219.1
Project("{FAE04EC0-301F-11D3-BF4B-00C04F79EFBC}") = "CarRentalSystem", "CarRentalSystem\CarRentalSystem.csproj", "{053F5CBC-0EB1-4C00-8138-CACB7121BE01}"
EndProject
Global
	GlobalSection(SolutionConfigurationPlatforms) = preSolution
		Debug|Any CPU = Debug|Any CPU
		Release|Any CPU = Release|Any CPU
	EndGlobalSection
	GlobalSection(ProjectConfigurationPlatforms) = postSolution
		{053F5CBC-0EB1-4C00-8138-CACB7121BE01}.Debug|Any CPU.ActiveCfg = Debug|Any CPU
		{053F5CBC-0EB1-4C00-8138-CACB7121BE01}.Debug|Any CPU.Build.0 = Debug|Any CPU
		{053F5CBC-0EB1-4C00-8138-CACB7121BE01}.Release|Any CPU.ActiveCfg = Release|Any CPU
		{053F5CBC-0EB1-4C00-8138-CACB7121BE01}.Release|Any CPU.Build.0 = Release|Any CPU
	EndGlobalSection
	GlobalSection(SolutionProperties) = preSolution
		HideSolutionNode = FALSE
	EndGlobalSection
	GlobalSection(ExtensibilityGlobals) = postSolution
		SolutionGuid = {76F1BFCF-0FD4-4397-A4A0-3F6A468BC2D9}
	EndGlobalSection
EndGlobal
